version = 1
revision = 3
requires-python = ">=3.9"
resolution-markers = [
    "python_full_version >= '3.10'",
    "python_full_version < '3.10'",
]

[[package]]
name = "dead-escape"
version = "0.1.0"
source = { editable = "." }
dependencies = [
    { name = "pygame-ce", version = "2.5.6", source = { registry = "https://pypi.org/simple" }, marker = "python_full_version < '3.10'" },
    { name = "pygame-ce", version = "2.5.7", source = { registry = "https://pypi.org/simple" }, marker = "python_full_version >= '3.10'" },
]

[package.metadata]
requires-dist = [{ name = "pygame-ce" }]

[[package]]
name = "pygame-ce"
version = "2.5.6"
source = { registry = "https://pypi.org/simple" }
resolution-markers = [
    "python_full_version < '3.10'",
]
sdist = { url = "https://files.pythonhosted.org/packages/f1/a0/8199f0e96f43d94b79a74116a20b4937648bd26117e11d8994b1169a9120/pygame_ce-2.5.6.tar.gz", hash = "sha256:d3d019309d1e76fd19978b01753e8576bd76c66411ac7a4885785f95e68dc261", size = 5901071, upload-time = "2025-10-19T13:09:06.225Z" }
wheels = [
    { url = "https://files.pythonhosted.org/packages/1a/48/0d9b290249246c9b21d26e96a635e9c828d5f7105b9cf0ec06534d10a2b6/pygame_ce-2.5.6-cp310-cp310-macosx_10_11_x86_64.whl", hash = "sha256:77380370d7c6df07191a72f60f8a58598a543278d8c3ee6a01042fdf4d8bbe72", size = 12490199, upload-time = "2025-10-19T13:07:19.488Z" },
    { url = "https://files.pythonhosted.org/packages/23/65/95a6f958c21314cd48bb3d9c837f41b404a118377ff930c3ca474fc11d28/pygame_ce-2.5.6-cp310-cp310-macosx_11_0_arm64.whl", hash = "sha256:86d5c64edda242edd6291f6a1c8e2fde0fb15440f30e1d7535423a2a7f3bc38c", size = 11727294, upload-time = "2025-10-19T13:07:22.289Z" },
    { url = "https://files.pythonhosted.org/packages/84/26/5183502ceca2744217644b5cb8c92d16afa5f8f5936fce269d724208198e/pygame_ce-2.5.6-cp310-cp310-manylinux2014_aarch64.manylinux_2_17_aarch64.whl", hash = "sha256:7eefa45f2c31d0db8808a853678c24a58355e643c840f8c607ed355cc2de0153", size = 12406703, upload-time = "2025-10-19T13:07:24.289Z" },
    { url = "https://files.pythonhosted.org/packages/3f/83/e46b08fed4747f3e253b20487e67c72549a0da856257f734b2ad2fe7a796/pygame_ce-2.5.6-cp310-cp310-manylinux2014_i686.manylinux_2_17_i686.whl", hash = "sha256:8474ae250d247552dc8b1643dcfaef0f912ca969b4c6d7fb812aac6274a16d85", size = 12948446, upload-time = "2025-10-19T13:07:26.623Z" },
    { url = "https://files.pythonhosted.org/packages/3a/e6/3d56705bf9da932f4ec70498600f42b77b5a0664650fc0dbe64ef80315c6/pygame_ce-2.5.6-cp310-cp310-manylinux2014_x86_64.manylinux_2_17_x86_64.whl", hash = "sha256:d05a2d36c4bcbf37f0a129d65979c2baac2da67cbfa32d83b9587a1c014d00ba", size = 12560240, upload-time = "2025-10-19T13:07:28.942Z" },
    { url = "https://files.pythonhosted.org/packages/a7/26/bc7c245bfd22a4b7dd778cccd767b08a90c73ab83fe8effa9fa561a40c3e/pygame_ce-2.5.6-cp310-cp310-win32.whl", hash = "sha256:ee26d8de3ca5d77c3117a230ef1b3455d90ff0d559470d9f1a4924961d5603ec", size = 9847143, upload-time = "2025-10-19T13:07:30.9Z" },
    { url = "https://files.pythonhosted.org/packages/03/36/2a3b9e675f37e1188a0813670442d275a4f690e1f8964162a11b5b75bb95/pygame_ce-2.5.6-cp310-cp310-win_amd64.whl", hash = "sha256:a6201ba6e8227384d33513ca77fe678c6fe9088d979535ac03933b6b74230ad9", size = 10430892, upload-time = "2025-10-19T13:07:33.348Z" },
    { url = "https://files.pythonhosted.org/packages/07/89/e3491b27d3bc33a2a2520558342a9b907d8a269e2e3d2d1ae7a6493c5ec6/pygame_ce-2.5.6-cp311-cp311-macosx_10_11_x86_64.whl", hash = "sha256:c194cf4ea81143173e74bd7821ee976ce3ec5d26c664544d0d273936fd9251c5", size = 12492629, upload-time = "2025-10-19T13:07:35.693Z" },
    { url = "https://files.pythonhosted.org/packages/16/11/37fda5d2c6bb562cd130a281bfd8db574742b3d556834513fc048cde1e8b/pygame_ce-2.5.6-cp311-cp311-macosx_11_0_arm64.whl", hash = "sha256:f24e49d0a26a5b0ccd61b5e03828c0a16ca14423db03f3ea8d5e7565d3ab36e2", size = 11729124, upload-time = "2025-10-19T13:07:38.243Z" },
    { url = "https://files.pythonhosted.org/packages/ff/ee/5328f9e0a767eb263cb973b13dd327fa388e16adc2b7b331b7e30e802e39/pygame_ce-2.5.6-cp311-cp311-manylinux2014_aarch64.manylinux_2_17_aarch64.whl", hash = "sha256:cdfecaf03c4d2342501b1ec5d1d03e0381ac21199cfa1c51bb39ee2e8a7409ba", size = 12410817, upload-time = "2025-10-19T13:07:40.346Z" },
    { url = "https://files.pythonhosted.org/packages/1c/26/e11061a80143700e1b069bb1c3b45f8eea73def141e36cecb88cf0b2e63f/pygame_ce-2.5.6-cp311-cp311-manylinux2014_i686.manylinux_2_17_i686.whl", hash = "sha256:2cca232a9b5822bf1006155ccddc0655d0555dbb96d5014fc44686ca32815ac2", size = 12949058, upload-time = "2025-10-19T13:07:42.384Z" },
    { url = "https://files.pythonhosted.org/packages/cb/9e/b7cf042f22035837e1d895a389f20e87c849cca3bb56460ed4141878c6b8/pygame_ce-2.5.6-cp311-cp311-manylinux2014_x86_64.manylinux_2_17_x86_64.whl", hash = "sha256:06afd21e9513064bd9f77f909bbcc4fa2af4083dea301dce81b17c9b7ec96651", size = 12563663, upload-time = "2025-10-19T13:07:44.714Z" },
    { url = "https://files.pythonhosted.org/packages/0a/b7/a15163875839ff7907cf5ff8145a673ae13cddca3e4bf4620e137ee05fb7/pygame_ce-2.5.6-cp311-cp311-win32.whl", hash = "sha256:0ba2883297a09871023138390110bd2b6fb459211c08bdbc1b4b10f697742ee2", size = 9844789, upload-time = "2025-10-19T13:07:46.814Z" },
    { url = "https://files.pythonhosted.org/packages/d5/a2/7bcacbb4812154b44fd2c3d071ecd46d08573a9c7776de1c0d36b96d8d44/pygame_ce-2.5.6-cp311-cp311-win_amd64.whl", hash = "sha256:90bad19e61fa7e82262ed728058158c1888ead14b1c2251d654ec19322a912f0", size = 10430593, upload-time = "2025-10-19T13:07:48.944Z" },
    { url = "https://files.pythonhosted.org/packages/5a/05/7295ecb43e20e76e6f177eb38b1346f22d57be5e6659d3d952423b9f7199/pygame_ce-2.5.6-cp312-cp312-macosx_10_13_x86_64.whl", hash = "sha256:198ba4d3925ad9acbf4b96ac1385f0b54f1e2141223e42da782d8345a5d6adc0", size = 12483809, upload-time = "2025-10-19T13:07:51.308Z" },
    { url = "https://files.pythonhosted.org/packages/aa/59/e3146af051400d81046cd33e01e5c150086607fc4112f5a63531331e2e34/pygame_ce-2.5.6-cp312-cp312-macosx_11_0_arm64.whl", hash = "sha256:5bb66ac4025d6abb60929bf742d287c5fdc58918847a599d12ba0747fee7d882", size = 11728112, upload-time = "2025-10-19T13:07:53.802Z" },
    { url = "https://files.pythonhosted.org/packages/5b/d3/43702534989aca67704a1c333216891b248f102266eb8a7be001bb32f8dc/pygame_ce-2.5.6-cp312-cp312-manylinux2014_aarch64.manylinux_2_17_aarch64.whl", hash = "sha256:133279f5724431fd0de74b29060b08e655d24d8b3c09481f226182ac0cb32927", size = 12399387, upload-time = "2025-10-19T13:07:56.286Z" },
    { url = "https://files.pythonhosted.org/packages/f2/9f/3281831fdcecdb6887643217ee250f28afc80fab7afe87a15cf3f3f7a191/pygame_ce-2.5.6-cp312-cp312-manylinux2014_i686.manylinux_2_17_i686.whl", hash = "sha256:0475663693392f715dd541f36d52bc64e4395391a9de15bec263f395a90c605e", size = 12938275, upload-time = "2025-10-19T13:07:58.592Z" },
    { url = "https://files.pythonhosted.org/packages/c1/83/0236e258d9f9b40fcef4f14eb5cf461df569a6022f9c052a73b3c28a8422/pygame_ce-2.5.6-cp312-cp312-manylinux2014_x86_64.manylinux_2_17_x86_64.whl", hash = "sha256:6ed8163e389d5dfcf7817458792c4eaeb96a50393d63a9c4d3384eb2b8944123", size = 12554647, upload-time = "2025-10-19T13:08:00.794Z" },
    { url = "https://files.pythonhosted.org/packages/17/d5/2a5ab30fe4ee56feda942ed730294efe493f80105b2a62907e4247226d27/pygame_ce-2.5.6-cp312-cp312-win32.whl", hash = "sha256:d65428f387c2e4301b3c4e92b01bec658655b9de5319ebac776e25ac5b373cda", size = 9845919, upload-time = "2025-10-19T13:08:03.225Z" },
    { url = "https://files.pythonhosted.org/packages/09/a2/38b7223c59a96226d47fe3b3c2dc5167ffd54653fa22f0fc03fd821173b6/pygame_ce-2.5.6-cp312-cp312-win_amd64.whl", hash = "sha256:2759a2e83234cb276edb16ea6fa858736bbe64977ba35e0f83844c255ba846e7", size = 10424977, upload-time = "2025-10-19T13:08:05.214Z" },
    { url = "https://files.pythonhosted.org/packages/fd/c4/b2a2b259d05ea90840d62b2dd61b5005d891fd82fde7e05f59ecc3a9de8f/pygame_ce-2.5.6-cp313-cp313-macosx_10_13_x86_64.whl", hash = "sha256:a83710528f2a90a026fca9caee390779842d5486ca3d48d4d1213060e5d41083", size = 12478496, upload-time = "2025-10-19T13:08:07.499Z" },
    { url = "https://files.pythonhosted.org/packages/33/1d/8c14e5789fb0b4a7a8b6817b46690362f072da6c8307140de10f70fbf588/pygame_ce-2.5.6-cp313-cp313-macosx_11_0_arm64.whl", hash = "sha256:971b86e48acdf37aaf9782560088c0949ca7ec3aea33827c74f4d4c4bc04c367", size = 11722973, upload-time = "2025-10-19T13:08:09.552Z" },
    { url = "https://files.pythonhosted.org/packages/2e/fd/255b8233c690a68d3b68d299868fd51b5f6f509ae67453b6c21c3e27330a/pygame_ce-2.5.6-cp313-cp313-manylinux2014_aarch64.manylinux_2_17_aarch64.whl", hash = "sha256:92050fd16b62b20779b6ec2fb867bc8261e5499be967ed2aa7ff6a76b7735791", size = 12396847, upload-time = "2025-10-19T13:08:11.808Z" },
    { url = "https://files.pythonhosted.org/packages/79/aa/af9d6ac848670c3ecc96c7dc0c91cff43e5d9b6605a9c208a45fa570d50e/pygame_ce-2.5.6-cp313-cp313-manylinux2014_i686.manylinux_2_17_i686.whl", hash = "sha256:45b01f49d35dbc8a66bbbcd06ab83312625850bcc2d9ae528b5b15130b733a43", size = 12934541, upload-time = "2025-10-19T13:08:14.406Z" },
    { url = "https://files.pythonhosted.org/packages/61/28/b13cc306693e917b9a4b746ccad2615fa43d8f4f2373e28104edc33f6f8f/pygame_ce-2.5.6-cp313-cp313-manylinux2014_x86_64.manylinux_2_17_x86_64.whl", hash = "sha256:d811bba090fbb10d6a1c4d6917350da5a6a585630605833fa91499480b72bfcf", size = 12552091, upload-time = "2025-10-19T13:08:16.738Z" },
    { url = "https://files.pythonhosted.org/packages/15/28/bae79f3e5a862838e297f5725b52777781fa9507872321444afec31158e1/pygame_ce-2.5.6-cp313-cp313-win32.whl", hash = "sha256:283c7dc231387d05b294b2f72513bd767af91277a64900d10f4efb0b731f4d13", size = 9843196, upload-time = "2025-10-19T13:08:18.708Z" },
    { url = "https://files.pythonhosted.org/packages/2d/d9/1d16eff301bda4b22d1d19eda966cfbc9bf174648e4af85dee8c5ffb72cf/pygame_ce-2.5.6-cp313-cp313-win_amd64.whl", hash = "sha256:c38f17313b27ad97f0578ba863972b6e1fe22b1ec8568af6c7785b5bd55d21e1", size = 10422176, upload-time = "2025-10-19T13:08:20.985Z" },
    { url = "https://files.pythonhosted.org/packages/c1/7a/085e270baa9266ee2c0fb2a9adcaf00fc7ff33ce9025a099623437f8ddc9/pygame_ce-2.5.6-cp314-cp314-macosx_10_15_x86_64.whl", hash = "sha256:e341d53222fc5749a5fda1c331d9f167f2f90050eacc0c636d5f576791497d2e", size = 12485715, upload-time = "2025-10-19T13:08:23.051Z" },
    { url = "https://files.pythonhosted.org/packages/2c/c6/662f002804c5cd87384e7ffc5c9cbf9cc480b5e81ff18a6b98b454067abb/pygame_ce-2.5.6-cp314-cp314-macosx_11_0_arm64.whl", hash = "sha256:fda10bdba288386850b0a4c4cc22c5073efe667cd6a7426fb9f54203219f84dd", size = 11724914, upload-time = "2025-10-19T13:08:25.197Z" },
    { url = "https://files.pythonhosted.org/packages/bd/c7/147bfaa1be052c1a6db7f1d062296e23ce03c8ea8d136bf478fccaed456c/pygame_ce-2.5.6-cp314-cp314-manylinux2014_aarch64.manylinux_2_17_aarch64.whl", hash = "sha256:6889bb8a38f5d80c3f45c58480fa069cc94c07cf679b20a23e925e27f129ce2e", size = 12401943, upload-time = "2025-10-19T13:08:27.285Z" },
    { url = "https://files.pythonhosted.org/packages/23/03/1d07c3db18cee2ef4d478403c4c11d0486ff267f91ad6e3104478064207b/pygame_ce-2.5.6-cp314-cp314-manylinux2014_i686.manylinux_2_17_i686.whl", hash = "sha256:ed1337e78cc0d3c1ee205fdf99e0b77237a2958119a6c9b03758a138889e00fd", size = 12934781, upload-time = "2025-10-19T13:08:29.329Z" },
    { url = "https://files.pythonhosted.org/packages/3a/98/e5cd3053eac63d6a2622c654d4b09977375939beda34d203f064dac5dfd9/pygame_ce-2.5.6-cp314-cp314-manylinux2014_x86_64.manylinux_2_17_x86_64.whl", hash = "sha256:266f976feb1a61bf19163416897189e6e7a8f78c362576a0afa214ffb7f1d18e", size = 12553880, upload-time = "2025-10-19T13:08:31.833Z" },
    { url = "https://files.pythonhosted.org/packages/58/a9/90b806a7bb24bdea638603ff6c3dc0debc8e29012ae389172943579761c7/pygame_ce-2.5.6-cp314-cp314-win32.whl", hash = "sha256:c73ce70c63ab45f778fdc9d10d27077f9cfc49d1fa4ea1ae0e5eca514b47b683", size = 9975637, upload-time = "2025-10-19T13:08:34.417Z" },
    { url = "https://files.pythonhosted.org/packages/87/1b/d9f180e142273dcef180ad3274213eba13ad76f335434979e584fbd57278/pygame_ce-2.5.6-cp314-cp314-win_amd64.whl", hash = "sha256:9579c4283fd644798632aac20d65282a2e7efcdf0f79b7c545fdeda372381e30", size = 10589621, upload-time = "2025-10-19T13:08:36.676Z" },
    { url = "https://files.pythonhosted.org/packages/0e/c4/d8f6d5c59e36d10df3b26777e04c6ec0613a379880aba5f5d47a81a858eb/pygame_ce-2.5.6-cp39-cp39-macosx_10_11_x86_64.whl", hash = "sha256:adf29a79d6ba4d042bb71449304f078bae8c97cc1b5cbccf1f6bb8240889618e", size = 12492371, upload-time = "2025-10-19T13:08:39.099Z" },
    { url = "https://files.pythonhosted.org/packages/55/64/f62de58463ca050e3482575d663a048367e8c009be2f38eaf9525f41a5ee/pygame_ce-2.5.6-cp39-cp39-macosx_11_0_arm64.whl", hash = "sha256:b91cb6061bf7e7f442d0eb6fe7bc30ca0de90060f44e2a078e9b524a7709875f", size = 11729278, upload-time = "2025-10-19T13:08:41.405Z" },
    { url = "https://files.pythonhosted.org/packages/56/a3/a4fe12bd6606ba51370748e2000cd04ce9734f95f1892635dc0b1ff938ab/pygame_ce-2.5.6-cp39-cp39-manylinux2014_aarch64.manylinux_2_17_aarch64.whl", hash = "sha256:19b9600a3e89cbcb12b5effebf3251e98a283f0ef80d894e9fc48fc9ecd5505a", size = 12408796, upload-time = "2025-10-19T13:08:43.457Z" },
    { url = "https://files.pythonhosted.org/packages/97/3c/8027e62fb10a606741d4af9a6fd0e3e82f7f98dea460b7b3aa371fcee90d/pygame_ce-2.5.6-cp39-cp39-manylinux2014_i686.manylinux_2_17_i686.whl", hash = "sha256:f78e93658f7810ce841b401015ba394a9a9423e0987c85e848afa10dd354d417", size = 12950215, upload-time = "2025-10-19T13:08:45.465Z" },
    { url = "https://files.pythonhosted.org/packages/71/ae/042aa56b10d5c5f7debb8375dd13d97b38fc7c8c434e05a03161785d8be5/pygame_ce-2.5.6-cp39-cp39-manylinux2014_x86_64.manylinux_2_17_x86_64.whl", hash = "sha256:317cf4879678123feb26c39f74dcf55e721e8d0f72438dd6d501129dbc813fe3", size = 12562331, upload-time = "2025-10-19T13:08:47.856Z" },
    { url = "https://files.pythonhosted.org/packages/66/bf/ce8230f71f806069582b960c58f31abc524ca463208764ff6aef96b9b990/pygame_ce-2.5.6-cp39-cp39-win32.whl", hash = "sha256:a04b70c3e210bb4283758851f3bf9242f4dd50cb7fab5504d3250db63847c89b", size = 9849730, upload-time = "2025-10-19T13:08:49.97Z" },
    { url = "https://files.pythonhosted.org/packages/e7/5d/17d3f6da0430a10da61fbc1ffd077ce05b5400873c81edc188beaec4572d/pygame_ce-2.5.6-cp39-cp39-win_amd64.whl", hash = "sha256:9612a062c1173b4543ff4d6373c4277e88363346c1083446f81b012e873a07e2", size = 10433746, upload-time = "2025-10-19T13:08:51.977Z" },
    { url = "https://files.pythonhosted.org/packages/3e/c3/bacfdfafe784964dace6fbb62723dd497fc6dff5e05989e293f4aac35ce6/pygame_ce-2.5.6-pp311-pypy311_pp73-macosx_10_15_x86_64.whl", hash = "sha256:e948916985322a84ec87d165ae545b64edea695a9c1c2cb6934f2228f82098f2", size = 12438126, upload-time = "2025-10-19T13:08:54.019Z" },
    { url = "https://files.pythonhosted.org/packages/4f/45/1a8e07b27f8b860db86316d173dd42b5e9cfff8605530b9ce3e23f7fa033/pygame_ce-2.5.6-pp311-pypy311_pp73-macosx_11_0_arm64.whl", hash = "sha256:b1c419ae3b28d48499d79f35fee674f83fcc8723b7ecbfdad3dc721dfd74e634", size = 11694577, upload-time = "2025-10-19T13:08:56.114Z" },
    { url = "https://files.pythonhosted.org/packages/ea/de/033f41c8efedd102943f1ddd9244b0bb4e65a8917d6675bb47740738804e/pygame_ce-2.5.6-pp311-pypy311_pp73-manylinux2014_aarch64.manylinux_2_17_aarch64.whl", hash = "sha256:7567a71a1e7ea666a25b401b65be2d7168a1c718241bb97cb875cb7f2ad01d22", size = 12360718, upload-time = "2025-10-19T13:08:58.096Z" },
    { url = "https://files.pythonhosted.org/packages/ca/6f/4ecd6e537a73439c122e224c3d4462987f9ca3fb180091d4359caaba4d06/pygame_ce-2.5.6-pp311-pypy311_pp73-manylinux2014_i686.manylinux_2_17_i686.whl", hash = "sha256:3b401dba48031b7525c312e86bc243b71d90538f527d9fe7bb7de608704cd147", size = 12886393, upload-time = "2025-10-19T13:09:00.128Z" },
    { url = "https://files.pythonhosted.org/packages/00/a1/b7f1f5236fa6ce6628ede5f0df6ba444b2783407f49989a38b19965f5834/pygame_ce-2.5.6-pp311-pypy311_pp73-manylinux2014_x86_64.manylinux_2_17_x86_64.whl", hash = "sha256:3478c644ffb8f95708e085873a15e2b89c47bf6f1229f7d782ae365c42201bd3", size = 12508857, upload-time = "2025-10-19T13:09:02.178Z" },
    { url = "https://files.pythonhosted.org/packages/b5/3e/1f0fd12456f78189861b2f952bc5c4e3414bae4737a21b00f8a3391f6c61/pygame_ce-2.5.6-pp311-pypy311_pp73-win_amd64.whl", hash = "sha256:17037676211e97b6ca4f1a0719d3c1451ba77455934cafc9054cddc45f7a5e4c", size = 10385403, upload-time = "2025-10-19T13:09:04.256Z" },
]

[[package]]
name = "pygame-ce"
version = "2.5.7"
source = { registry = "https://pypi.org/simple" }
resolution-markers = [
    "python_full_version >= '3.10'",
]
sdist = { url = "https://files.pythonhosted.org/packages/e9/0d/bb6a6fdf1b227c0bb9a44437a70962a3854bcc541533c261e5021a5ee691/pygame_ce-2.5.7.tar.gz", hash = "sha256:86beb797cd73c141299a29b56f7df2b0543fbdc81d428022458329ff694aaa51", size = 5935870, upload-time = "2026-03-02T09:26:59.005Z" }
wheels = [
    { url = "https://files.pythonhosted.org/packages/c3/24/49a68d24908ae0be0e69631c015e288ea3b4f3e851aae60141faeb8d3892/pygame_ce-2.5.7-cp310-cp310-macosx_10_11_universal2.whl", hash = "sha256:77d7d27cc46b846c814f1d85366d5af066483917f26433a10a949e74f471dfeb", size = 17234485, upload-time = "2026-03-02T09:25:16.992Z" },
    { url = "https://files.pythonhosted.org/packages/fe/9e/228bfcd45db754eb70112e969c05678704da71508f105b2a59964029d0fc/pygame_ce-2.5.7-cp310-cp310-manylinux2014_aarch64.manylinux_2_17_aarch64.whl", hash = "sha256:9da68411fd4a1bb50375a40cc0ee5c0f83da51450acda8a87e7a83837670f657", size = 12722138, upload-time = "2026-03-02T09:25:19.971Z" },
    { url = "https://files.pythonhosted.org/packages/d4/8f/4ae05558744db08d681b96a36d61c1e2c647ba14cbd0b53a6aea1402b9a0/pygame_ce-2.5.7-cp310-cp310-manylinux2014_i686.manylinux_2_17_i686.whl", hash = "sha256:1f9a60af653f367807dc50059122a5f6cbd1b5de68233306421b0c3218bcc92d", size = 13249126, upload-time = "2026-03-02T09:25:22.53Z" },
    { url = "https://files.pythonhosted.org/packages/25/54/dd8ef25eec93dc7e2b1c35cf2d596791887aefaa98cc37f0050793dda52b/pygame_ce-2.5.7-cp310-cp310-manylinux2014_x86_64.manylinux_2_17_x86_64.whl", hash = "sha256:322052db99d25f7faca0502e0b2a905eb68c10ec5f7a1fd59803c4175f1d1269", size = 12822724, upload-time = "2026-03-02T09:25:25.209Z" },
    { url = "https://files.pythonhosted.org/packages/75/86/9e90ddb19cd000024dac7c5de587ccd65a7ba522dd13cea17fb31a22e9f0/pygame_ce-2.5.7-cp310-cp310-win32.whl", hash = "sha256:275910c7f26baa7bf52b8e0ebd9301fe968806b9bd777506d6fc17e2bbcf3121", size = 9838344, upload-time = "2026-03-02T09:25:27.896Z" },
    { url = "https://files.pythonhosted.org/packages/04/41/186172be6e46a7198f6d8fc07b455b5d6af326e109a518bac2cf39239ba5/pygame_ce-2.5.7-cp310-cp310-win_amd64.whl", hash = "sha256:de75f752d6a090839ebdc69b3365478d0f8a98ea02d1eee417a4a1436c1b5168", size = 10421706, upload-time = "2026-03-02T09:25:30.43Z" },
    { url = "https://files.pythonhosted.org/packages/e7/db/4f899c372e114e6f7eab1546c46233fae621594cb0271cd8a967f1b38a06/pygame_ce-2.5.7-cp311-cp311-macosx_10_11_universal2.whl", hash = "sha256:903eab0a59563fd0d134e502a11c9f144d21dc93ee1f5b4b4eec31f8745142b4", size = 17229304, upload-time = "2026-03-02T09:25:33.293Z" },
    { url = "https://files.pythonhosted.org/packages/2b/c7/78d3fc4e27b4372cef878996a3973749bebf553758106dcc0ca7976acf9e/pygame_ce-2.5.7-cp311-cp311-manylinux2014_aarch64.manylinux_2_17_aarch64.whl", hash = "sha256:ec2f2d8c95d1a5c9bfc9ffbae4c356fd71bcbc4fde70e59e3d050261bacfe908", size = 12720096, upload-time = "2026-03-02T09:25:36.088Z" },
    { url = "https://files.pythonhosted.org/packages/72/9a/202c2c3f5e0eb8a016ce8bce185992c979866bb73ad7d8ab01d0de39577b/pygame_ce-2.5.7-cp311-cp311-manylinux2014_i686.manylinux_2_17_i686.whl", hash = "sha256:a980109b5aee984b78c884d607d4a406a92b63a8a7044180d0e2f8a26a7276a7", size = 13245692, upload-time = "2026-03-02T09:25:39.14Z" },
    { url = "https://files.pythonhosted.org/packages/4a/de/694c1bffb4c2b1afa5451549b38ae79372552085ec2cac8ec3244691c425/pygame_ce-2.5.7-cp311-cp311-manylinux2014_x86_64.manylinux_2_17_x86_64.whl", hash = "sha256:d35105bf5a453ffb64333bc3be685f8c55cbc4695c05733a68849a92345dcb45", size = 12820387, upload-time = "2026-03-02T09:25:41.817Z" },
    { url = "https://files.pythonhosted.org/packages/8c/1f/70b974faa39f3c8d622128eb6554f19b0531792c8fdc8d2575954c320d17/pygame_ce-2.5.7-cp311-cp311-win32.whl", hash = "sha256:ecac266ccd459e354d693f2150a065fc695a6ffcdf15eaca06709620bb837fea", size = 9835598, upload-time = "2026-03-02T09:25:44.387Z" },
    { url = "https://files.pythonhosted.org/packages/12/76/0366387cae2b9f4a2c0ccaa9a84f86db545e835bd933dc14d011765962f9/pygame_ce-2.5.7-cp311-cp311-win_amd64.whl", hash = "sha256:5ca51a671b5b6cfd747399f54fa91259d4b01980f517c9e8043f5c3e795f06ac", size = 10420750, upload-time = "2026-03-02T09:25:46.96Z" },
    { url = "https://files.pythonhosted.org/packages/c3/c1/e69e7ae0f66fc21e8af25d456f396e15c47002bdba86924b1e223d4b7fbd/pygame_ce-2.5.7-cp311-cp311-win_arm64.whl", hash = "sha256:1f5a7e5d08f26dc8e4a899be502e6ef06ac5a2800a442750267141bca7703ba7", size = 10858323, upload-time = "2026-03-02T09:25:49.572Z" },
    { url = "https://files.pythonhosted.org/packages/57/a7/cd305034f505bfa1a1acdafd3d86af54da14b29151a0d99f348306272773/pygame_ce-2.5.7-cp312-cp312-macosx_10_13_universal2.whl", hash = "sha256:dca2f8ba56bf3b4b8c73c4863d0603773403f4f66bc2fe25784ea74aee3fffc3", size = 17210332, upload-time = "2026-03-02T09:25:52.18Z" },
    { url = "https://files.pythonhosted.org/packages/e5/94/7f6304a31ccc7d11d4443e590cbfa6fce2bd34077575a7790d4f0a14f440/pygame_ce-2.5.7-cp312-cp312-manylinux2014_aarch64.manylinux_2_17_aarch64.whl", hash = "sha256:4dc989462faf2c5947881f708fa406d7ac13c1bc987c1588d630ca62ad369989", size = 12709001, upload-time = "2026-03-02T09:25:54.806Z" },
    { url = "https://files.pythonhosted.org/packages/09/8b/a7886b7bfe874fa381201ee538928af3c1cab2fe3e36927ed08f3f1d0b61/pygame_ce-2.5.7-cp312-cp312-manylinux2014_i686.manylinux_2_17_i686.whl", hash = "sha256:538689d77c44f5dbefc0abeab5b9806d6c90ebc6d64078736c8a4c731f08b37e", size = 13236706, upload-time = "2026-03-02T09:25:57.524Z" },
    { url = "https://files.pythonhosted.org/packages/db/17/70ada4cef84eca48a995cc9e0f2f087e6190b3e4111e9c8ec3c7a8f689bd/pygame_ce-2.5.7-cp312-cp312-manylinux2014_x86_64.manylinux_2_17_x86_64.whl", hash = "sha256:0d8fa8822c0f4b5ae6b44ada7be9f2193fd512da1381c37fa3c5bda8971d64cb", size = 12812909, upload-time = "2026-03-02T09:25:59.971Z" },
    { url = "https://files.pythonhosted.org/packages/40/db/1cfcfb7813ce6d2202919ad87c7e1b278a4f820902ba826df43dc8906e34/pygame_ce-2.5.7-cp312-cp312-win32.whl", hash = "sha256:604207c8813a594919bb7e6d3ed3834f79aa099d2d648e8a8fc3d786ad3fa1c8", size = 9837595, upload-time = "2026-03-02T09:26:02.573Z" },
    { url = "https://files.pythonhosted.org/packages/1f/d4/43b006affa13e2f4572aa28a0d1f64c91c330d289c30a022b5416245714c/pygame_ce-2.5.7-cp312-cp312-win_amd64.whl", hash = "sha256:b6b7eec2779fac11ed265a18ab926b3829654120a5c9a07c36eeedeb012b8c3c", size = 10414958, upload-time = "2026-03-02T09:26:05.25Z" },
    { url = "https://files.pythonhosted.org/packages/18/1b/971a432d8bab8c52031ddbd0e681750a57348213ec0f8a0e0d6713e8df46/pygame_ce-2.5.7-cp312-cp312-win_arm64.whl", hash = "sha256:eb99a8a7185057064163610b3ca3e1d3307f0eb3dfff6e19556fa5132c6bca87", size = 10859829, upload-time = "2026-03-02T09:26:08.06Z" },
    { url = "https://files.pythonhosted.org/packages/21/96/d28381210ec2ed5d7a04f77cd8f6949a7734f75a7a7d9a95fe8ed60fe3ba/pygame_ce-2.5.7-cp313-cp313-macosx_10_13_universal2.whl", hash = "sha256:8766985d802017e150fcfb9adc659967d8548a961d491b8974f0748412cc0427", size = 17203240, upload-time = "2026-03-02T09:26:10.975Z" },
    { url = "https://files.pythonhosted.org/packages/b8/f0/a3e4d0ad2519d106d178652ae7ec692e8acadf3d2260493840c27f8eabb8/pygame_ce-2.5.7-cp313-cp313-manylinux2014_aarch64.manylinux_2_17_aarch64.whl", hash = "sha256:58eabfc184dd28c682e5e6ccfce01224bb12653c6648babcd0bb9d9bd662d938", size = 12705532, upload-time = "2026-03-02T09:26:13.795Z" },
    { url = "https://files.pythonhosted.org/packages/13/0d/6d6c29aa5ecf63a66983bdf04066dc019290e7412f64b0ae5133c5e53d47/pygame_ce-2.5.7-cp313-cp313-manylinux2014_i686.manylinux_2_17_i686.whl", hash = "sha256:92d5732cd512c8ec0b47e9a3e6c683fb811bdf2090362580778ce698222a64ab", size = 13233559, upload-time = "2026-03-02T09:26:16.202Z" },
    { url = "https://files.pythonhosted.org/packages/fe/96/e400d3a2c6456e3a334d9fae1f8704d964027b60064935278028dd79293f/pygame_ce-2.5.7-cp313-cp313-manylinux2014_x86_64.manylinux_2_17_x86_64.whl", hash = "sha256:48e9a4ece43b08adc8ffb0bbbe0fe183eef4bb501a7d31552ae7398592ec0a82", size = 12811409, upload-time = "2026-03-02T09:26:19.148Z" },
    { url = "https://files.pythonhosted.org/packages/8f/ed/8e3c6f5d4ac763f6766c2043f842b2c52028b30a4ce2ce2f5dced5961354/pygame_ce-2.5.7-cp313-cp313-win32.whl", hash = "sha256:f6439100bdee81da96f5acffb280f20511c93dd67178d8a8cf29d6cfd1aa46dd", size = 9835553, upload-time = "2026-03-02T09:26:22.123Z" },
    { url = "https://files.pythonhosted.org/packages/06/a0/7acd164b3a206327bf53df5e5399227a5baf858ae2944cba562a0ae77e0a/pygame_ce-2.5.7-cp313-cp313-win_amd64.whl", hash = "sha256:25047c97760fc640a6a8bbfdf3398c5825adfd55986a7523a65c95a1fb61d759", size = 10413012, upload-time = "2026-03-02T09:26:24.747Z" },
    { url = "https://files.pythonhosted.org/packages/47/d5/e4419a340ae24bd0dde5a6861406c24114f59a543aad44f1d2f2ae4752d5/pygame_ce-2.5.7-cp313-cp313-win_arm64.whl", hash = "sha256:f5a7197096ef82d588539f13b0f7ade767f800c7b0b015a94e386f488e1039f6", size = 10856939, upload-time = "2026-03-02T09:26:27.107Z" },
    { url = "https://files.pythonhosted.org/packages/26/08/9fe0003d69077ff8faff242a85260b8a192d3b7111c02332b8b2f515d40c/pygame_ce-2.5.7-cp314-cp314-macosx_10_15_universal2.whl", hash = "sha256:addfbf7d119647eec157d611f463e5d572836fa74d0d222c59210294ed618b9d", size = 17211017, upload-time = "2026-03-02T09:26:30.243Z" },
    { url = "https://files.pythonhosted.org/packages/40/c7/217c5430c8c612879162beb2d18cb10ad8b1b4db6ce03245289a3de6bc1b/pygame_ce-2.5.7-cp314-cp314-manylinux2014_aarch64.manylinux_2_17_aarch64.whl", hash = "sha256:1c92feb289e34ac323a7b62b91d230a4e32b44059c4d7fb95631e504b1d9b365", size = 12710845, upload-time = "2026-03-02T09:26:33.165Z" },
    { url = "https://files.pythonhosted.org/packages/00/a4/6fb0054bfb2522c4ad3ff82ecbc9c1a3c6694c50d24f2451717121636a1d/pygame_ce-2.5.7-cp314-cp314-manylinux2014_x86_64.manylinux_2_17_x86_64.whl", hash = "sha256:5c1ed4100311015cc67d24fe4e4d7c2f4cb25c34e043545061271c1d018c02d4", size = 12812020, upload-time = "2026-03-02T09:26:35.953Z" },
    { url = "https://files.pythonhosted.org/packages/a2/9b/0e0996573a9dd4bb34874c10643224a72372818242e07486c9eb4a22eebb/pygame_ce-2.5.7-cp314-cp314-win32.whl", hash = "sha256:1b7e641af3aeac92bb7e4df1402d6802271f4bd09c747d2665f154ef9b07a4e6", size = 9968590, upload-time = "2026-03-02T09:26:38.517Z" },
    { url = "https://files.pythonhosted.org/packages/96/96/c94d0e508954093e37a77b03101a3cf51a242e02cc0ec726edcb117f8885/pygame_ce-2.5.7-cp314-cp314-win_amd64.whl", hash = "sha256:595f4257c15fed11cd816ae0bfabad3d99f8f04a000d7d164a22c0f9afd6cb65", size = 10581240, upload-time = "2026-03-02T09:26:41.139Z" },
    { url = "https://files.pythonhosted.org/packages/81/bb/93c5dadb66ac9733ca52952e063cce117a9312d6f97facd5dc4932f3d777/pygame_ce-2.5.7-cp314-cp314-win_arm64.whl", hash = "sha256:3e6ce74fd5a5f146f1bcf0224ae3e880c733917a9edbb53f790329d235520433", size = 11057480, upload-time = "2026-03-02T09:26:43.871Z" },
    { url = "https://files.pythonhosted.org/packages/69/55/c4397d5c0c0d459d3c0dbda0cb55f7fae778117c6a3d89736968f2978a3e/pygame_ce-2.5.7-pp311-pypy311_pp73-macosx_10_15_universal2.whl", hash = "sha256:8718bc75cd4ec4bd2b0b4862e5c615b119a45038e4572c9030731db3c6740cfe", size = 17126026, upload-time = "2026-03-02T09:26:46.441Z" },
    { url = "https://files.pythonhosted.org/packages/28/7c/dad02bf97b55a71bff3e60e8909ac2be58f27520094e9182ed00ea70e4e4/pygame_ce-2.5.7-pp311-pypy311_pp73-manylinux2014_aarch64.manylinux_2_17_aarch64.whl", hash = "sha256:6e4289438b0b530bbfa6e2a9088a5b4a9dc0524b6d60989c846e2c74cd149f77", size = 12670197, upload-time = "2026-03-02T09:26:49.238Z" },
    { url = "https://files.pythonhosted.org/packages/1c/da/1506934539127781ea52bd826ceb620c4a7456c52bd5410d12259a95741c/pygame_ce-2.5.7-pp311-pypy311_pp73-manylinux2014_i686.manylinux_2_17_i686.whl", hash = "sha256:01c48daf8fccb66e8750d5d26bf20e3f0dc484a5f7748fa98fd7e2ac69a2f7f5", size = 13186464, upload-time = "2026-03-02T09:26:51.784Z" },
    { url = "https://files.pythonhosted.org/packages/a6/6f/4ba6bd545113767ea1fc8204d2d6616fd749bb4f931c5357f90adf45ddd7/pygame_ce-2.5.7-pp311-pypy311_pp73-manylinux2014_x86_64.manylinux_2_17_x86_64.whl", hash = "sha256:8ac7120a6c39c042abdc6bd2f5491f7121936c68c425235b52dc451ed9583dbf", size = 12767531, upload-time = "2026-03-02T09:26:54.314Z" },
    { url = "https://files.pythonhosted.org/packages/21/e8/5e3782901f10ce39724797b4ed48138da69ce03332dde7bc21c15475684f/pygame_ce-2.5.7-pp311-pypy311_pp73-win_amd64.whl", hash = "sha256:d79c4f961ffa89183380c4284914ed2f693591baec7fb92e42f05857dd8664bd", size = 10376956, upload-time = "2026-03-02T09:26:56.724Z" },
]
